// !$*UTF8*$!
{
	archiveVersion = 1;
	classes = {
	};
	objectVersion = 56;
	objects = {

/* Begin PBXBuildFile section */
		0D3B24D82923EA32007E03F0 /* HomeViewController.swift in Sources */ = {isa = PBXBuildFile; fileRef = 0D3B24D72923EA32007E03F0 /* HomeViewController.swift */; };
		0D3B24DA2923EDD0007E03F0 /* MapViewController.swift in Sources */ = {isa = PBXBuildFile; fileRef = 0D3B24D92923EDD0007E03F0 /* MapViewController.swift */; };
		0D3B24DC2923EDD9007E03F0 /* AddViewController.swift in Sources */ = {isa = PBXBuildFile; fileRef = 0D3B24DB2923EDD9007E03F0 /* AddViewController.swift */; };
		0D3B24DE2923EDE0007E03F0 /* ChatViewController.swift in Sources */ = {isa = PBXBuildFile; fileRef = 0D3B24DD2923EDE0007E03F0 /* ChatViewController.swift */; };
		0D3B24E02923EDE9007E03F0 /* AccountViewController.swift in Sources */ = {isa = PBXBuildFile; fileRef = 0D3B24DF2923EDE9007E03F0 /* AccountViewController.swift */; };
		0D3B24E32923F57E007E03F0 /* UIView + ext.swift in Sources */ = {isa = PBXBuildFile; fileRef = 0D3B24E22923F57E007E03F0 /* UIView + ext.swift */; };
		0D44418F292CE3FC00B96ABD /* CustomTextViewUIView.swift in Sources */ = {isa = PBXBuildFile; fileRef = 0D44418E292CE3FC00B96ABD /* CustomTextViewUIView.swift */; };
		0D5EFAB0292BCD86006FC01F /* CustomTextFiledUIView.swift in Sources */ = {isa = PBXBuildFile; fileRef = 0D5EFAAF292BCD86006FC01F /* CustomTextFiledUIView.swift */; };
		0D5EFAB2292BE08C006FC01F /* UITextField + ext.swift in Sources */ = {isa = PBXBuildFile; fileRef = 0D5EFAB1292BE08C006FC01F /* UITextField + ext.swift */; };
		0D5EFAB4292BF17F006FC01F /* PhotosUIVIew.swift in Sources */ = {isa = PBXBuildFile; fileRef = 0D5EFAB3292BF17F006FC01F /* PhotosUIVIew.swift */; };
		0DC0F10A2914525A00FB6D4D /* AppDelegate.swift in Sources */ = {isa = PBXBuildFile; fileRef = 0DC0F1092914525A00FB6D4D /* AppDelegate.swift */; };
		0DC0F10C2914525A00FB6D4D /* SceneDelegate.swift in Sources */ = {isa = PBXBuildFile; fileRef = 0DC0F10B2914525A00FB6D4D /* SceneDelegate.swift */; };
		0DC0F10E2914525A00FB6D4D /* ViewController.swift in Sources */ = {isa = PBXBuildFile; fileRef = 0DC0F10D2914525A00FB6D4D /* ViewController.swift */; };
		0DC0F1132914525B00FB6D4D /* Assets.xcassets in Resources */ = {isa = PBXBuildFile; fileRef = 0DC0F1122914525B00FB6D4D /* Assets.xcassets */; };
		0DC0F1162914525B00FB6D4D /* LaunchScreen.storyboard in Resources */ = {isa = PBXBuildFile; fileRef = 0DC0F1142914525B00FB6D4D /* LaunchScreen.storyboard */; };
		0DC0F120291454B700FB6D4D /* TabBarController.swift in Sources */ = {isa = PBXBuildFile; fileRef = 0DC0F11F291454B700FB6D4D /* TabBarController.swift */; };
		0DC0F123291455C100FB6D4D /* UIColor + ext.swift in Sources */ = {isa = PBXBuildFile; fileRef = 0DC0F122291455C100FB6D4D /* UIColor + ext.swift */; };
		0DE1C027292D3B7A00C2C93A /* RegisterViewController.swift in Sources */ = {isa = PBXBuildFile; fileRef = 0DE1C026292D3B7A00C2C93A /* RegisterViewController.swift */; };
		0DE1C02A292D426600C2C93A /* AuthManager.swift in Sources */ = {isa = PBXBuildFile; fileRef = 0DE1C029292D426600C2C93A /* AuthManager.swift */; };
		0DE1C02D292D4EE400C2C93A /* AuthTextFieldView.swift in Sources */ = {isa = PBXBuildFile; fileRef = 0DE1C02C292D4EE400C2C93A /* AuthTextFieldView.swift */; };
		0DE1C02F292D832900C2C93A /* AuthButtonView.swift in Sources */ = {isa = PBXBuildFile; fileRef = 0DE1C02E292D832900C2C93A /* AuthButtonView.swift */; };
		0DE1C032292EC1F300C2C93A /* DeviderView.swift in Sources */ = {isa = PBXBuildFile; fileRef = 0DE1C031292EC1F300C2C93A /* DeviderView.swift */; };
		0DE1C0342933EE8B00C2C93A /* LoginViewController.swift in Sources */ = {isa = PBXBuildFile; fileRef = 0DE1C0332933EE8B00C2C93A /* LoginViewController.swift */; };
		0DF69E6B29351A8D00F1E5FE /* DeviderOr.swift in Sources */ = {isa = PBXBuildFile; fileRef = 0DF69E6A29351A8D00F1E5FE /* DeviderOr.swift */; };
		0DF69E6D2935209A00F1E5FE /* UIViewController + ext.swift in Sources */ = {isa = PBXBuildFile; fileRef = 0DF69E6C2935209A00F1E5FE /* UIViewController + ext.swift */; };
		0DF69E702935212100F1E5FE /* WABaseController.swift in Sources */ = {isa = PBXBuildFile; fileRef = 0DF69E6F2935212100F1E5FE /* WABaseController.swift */; };
		0DF69E722935298900F1E5FE /* ChageAuthTypeButton.swift in Sources */ = {isa = PBXBuildFile; fileRef = 0DF69E712935298900F1E5FE /* ChageAuthTypeButton.swift */; };
		0DF69E7629360EB900F1E5FE /* HomeCollectionViewCell.swift in Sources */ = {isa = PBXBuildFile; fileRef = 0DF69E7529360EB900F1E5FE /* HomeCollectionViewCell.swift */; };
		0DF69E78293652B400F1E5FE /* LostItemViewController.swift in Sources */ = {isa = PBXBuildFile; fileRef = 0DF69E77293652B400F1E5FE /* LostItemViewController.swift */; };
		0DF69E7C2938FC3C00F1E5FE /* LostItemUserView.swift in Sources */ = {isa = PBXBuildFile; fileRef = 0DF69E7B2938FC3C00F1E5FE /* LostItemUserView.swift */; };
		0DF69E7E293906B800F1E5FE /* UILable + ext.swift in Sources */ = {isa = PBXBuildFile; fileRef = 0DF69E7D293906B800F1E5FE /* UILable + ext.swift */; };
		0DF69E80293910AC00F1E5FE /* LostItemLocationView.swift in Sources */ = {isa = PBXBuildFile; fileRef = 0DF69E7F293910AC00F1E5FE /* LostItemLocationView.swift */; };
		0DF69E832939175A00F1E5FE /* LostItemButtonsView.swift in Sources */ = {isa = PBXBuildFile; fileRef = 0DF69E822939175A00F1E5FE /* LostItemButtonsView.swift */; };
/* End PBXBuildFile section */

/* Begin PBXFileReference section */
		0D3B24D72923EA32007E03F0 /* HomeViewController.swift */ = {isa = PBXFileReference; lastKnownFileType = sourcecode.swift; path = HomeViewController.swift; sourceTree = "<group>"; };
		0D3B24D92923EDD0007E03F0 /* MapViewController.swift */ = {isa = PBXFileReference; lastKnownFileType = sourcecode.swift; path = MapViewController.swift; sourceTree = "<group>"; };
		0D3B24DB2923EDD9007E03F0 /* AddViewController.swift */ = {isa = PBXFileReference; lastKnownFileType = sourcecode.swift; path = AddViewController.swift; sourceTree = "<group>"; };
		0D3B24DD2923EDE0007E03F0 /* ChatViewController.swift */ = {isa = PBXFileReference; lastKnownFileType = sourcecode.swift; path = ChatViewController.swift; sourceTree = "<group>"; };
		0D3B24DF2923EDE9007E03F0 /* AccountViewController.swift */ = {isa = PBXFileReference; lastKnownFileType = sourcecode.swift; path = AccountViewController.swift; sourceTree = "<group>"; };
		0D3B24E22923F57E007E03F0 /* UIView + ext.swift */ = {isa = PBXFileReference; lastKnownFileType = sourcecode.swift; path = "UIView + ext.swift"; sourceTree = "<group>"; };
		0D44418E292CE3FC00B96ABD /* CustomTextViewUIView.swift */ = {isa = PBXFileReference; lastKnownFileType = sourcecode.swift; path = CustomTextViewUIView.swift; sourceTree = "<group>"; };
		0D5EFAAF292BCD86006FC01F /* CustomTextFiledUIView.swift */ = {isa = PBXFileReference; lastKnownFileType = sourcecode.swift; path = CustomTextFiledUIView.swift; sourceTree = "<group>"; };
		0D5EFAB1292BE08C006FC01F /* UITextField + ext.swift */ = {isa = PBXFileReference; lastKnownFileType = sourcecode.swift; path = "UITextField + ext.swift"; sourceTree = "<group>"; };
		0D5EFAB3292BF17F006FC01F /* PhotosUIVIew.swift */ = {isa = PBXFileReference; lastKnownFileType = sourcecode.swift; path = PhotosUIVIew.swift; sourceTree = "<group>"; };
		0DC0F1062914525A00FB6D4D /* Where.app */ = {isa = PBXFileReference; explicitFileType = wrapper.application; includeInIndex = 0; path = Where.app; sourceTree = BUILT_PRODUCTS_DIR; };
		0DC0F1092914525A00FB6D4D /* AppDelegate.swift */ = {isa = PBXFileReference; lastKnownFileType = sourcecode.swift; path = AppDelegate.swift; sourceTree = "<group>"; };
		0DC0F10B2914525A00FB6D4D /* SceneDelegate.swift */ = {isa = PBXFileReference; lastKnownFileType = sourcecode.swift; path = SceneDelegate.swift; sourceTree = "<group>"; };
		0DC0F10D2914525A00FB6D4D /* ViewController.swift */ = {isa = PBXFileReference; lastKnownFileType = sourcecode.swift; path = ViewController.swift; sourceTree = "<group>"; };
		0DC0F1122914525B00FB6D4D /* Assets.xcassets */ = {isa = PBXFileReference; lastKnownFileType = folder.assetcatalog; path = Assets.xcassets; sourceTree = "<group>"; };
		0DC0F1152914525B00FB6D4D /* Base */ = {isa = PBXFileReference; lastKnownFileType = file.storyboard; name = Base; path = Base.lproj/LaunchScreen.storyboard; sourceTree = "<group>"; };
		0DC0F1172914525B00FB6D4D /* Info.plist */ = {isa = PBXFileReference; lastKnownFileType = text.plist.xml; path = Info.plist; sourceTree = "<group>"; };
		0DC0F11F291454B700FB6D4D /* TabBarController.swift */ = {isa = PBXFileReference; lastKnownFileType = sourcecode.swift; path = TabBarController.swift; sourceTree = "<group>"; };
		0DC0F122291455C100FB6D4D /* UIColor + ext.swift */ = {isa = PBXFileReference; lastKnownFileType = sourcecode.swift; path = "UIColor + ext.swift"; sourceTree = "<group>"; };
		0DE1C026292D3B7A00C2C93A /* RegisterViewController.swift */ = {isa = PBXFileReference; lastKnownFileType = sourcecode.swift; path = RegisterViewController.swift; sourceTree = "<group>"; };
		0DE1C029292D426600C2C93A /* AuthManager.swift */ = {isa = PBXFileReference; lastKnownFileType = sourcecode.swift; path = AuthManager.swift; sourceTree = "<group>"; };
		0DE1C02C292D4EE400C2C93A /* AuthTextFieldView.swift */ = {isa = PBXFileReference; lastKnownFileType = sourcecode.swift; path = AuthTextFieldView.swift; sourceTree = "<group>"; };
		0DE1C02E292D832900C2C93A /* AuthButtonView.swift */ = {isa = PBXFileReference; lastKnownFileType = sourcecode.swift; path = AuthButtonView.swift; sourceTree = "<group>"; };
		0DE1C031292EC1F300C2C93A /* DeviderView.swift */ = {isa = PBXFileReference; lastKnownFileType = sourcecode.swift; path = DeviderView.swift; sourceTree = "<group>"; };
		0DE1C0332933EE8B00C2C93A /* LoginViewController.swift */ = {isa = PBXFileReference; lastKnownFileType = sourcecode.swift; path = LoginViewController.swift; sourceTree = "<group>"; };
		0DF69E6A29351A8D00F1E5FE /* DeviderOr.swift */ = {isa = PBXFileReference; lastKnownFileType = sourcecode.swift; path = DeviderOr.swift; sourceTree = "<group>"; };
		0DF69E6C2935209A00F1E5FE /* UIViewController + ext.swift */ = {isa = PBXFileReference; lastKnownFileType = sourcecode.swift; path = "UIViewController + ext.swift"; sourceTree = "<group>"; };
		0DF69E6F2935212100F1E5FE /* WABaseController.swift */ = {isa = PBXFileReference; lastKnownFileType = sourcecode.swift; path = WABaseController.swift; sourceTree = "<group>"; };
		0DF69E712935298900F1E5FE /* ChageAuthTypeButton.swift */ = {isa = PBXFileReference; lastKnownFileType = sourcecode.swift; path = ChageAuthTypeButton.swift; sourceTree = "<group>"; };
		0DF69E7529360EB900F1E5FE /* HomeCollectionViewCell.swift */ = {isa = PBXFileReference; lastKnownFileType = sourcecode.swift; path = HomeCollectionViewCell.swift; sourceTree = "<group>"; };
		0DF69E77293652B400F1E5FE /* LostItemViewController.swift */ = {isa = PBXFileReference; lastKnownFileType = sourcecode.swift; path = LostItemViewController.swift; sourceTree = "<group>"; };
		0DF69E7B2938FC3C00F1E5FE /* LostItemUserView.swift */ = {isa = PBXFileReference; lastKnownFileType = sourcecode.swift; path = LostItemUserView.swift; sourceTree = "<group>"; };
		0DF69E7D293906B800F1E5FE /* UILable + ext.swift */ = {isa = PBXFileReference; lastKnownFileType = sourcecode.swift; path = "UILable + ext.swift"; sourceTree = "<group>"; };
		0DF69E7F293910AC00F1E5FE /* LostItemLocationView.swift */ = {isa = PBXFileReference; lastKnownFileType = sourcecode.swift; path = LostItemLocationView.swift; sourceTree = "<group>"; };
		0DF69E822939175A00F1E5FE /* LostItemButtonsView.swift */ = {isa = PBXFileReference; lastKnownFileType = sourcecode.swift; path = LostItemButtonsView.swift; sourceTree = "<group>"; };
/* End PBXFileReference section */

/* Begin PBXFrameworksBuildPhase section */
		0DC0F1032914525A00FB6D4D /* Frameworks */ = {
			isa = PBXFrameworksBuildPhase;
			buildActionMask = 2147483647;
			files = (
			);
			runOnlyForDeploymentPostprocessing = 0;
		};
/* End PBXFrameworksBuildPhase section */

/* Begin PBXGroup section */
		0D3B24D42923E9F2007E03F0 /* Controllers */ = {
			isa = PBXGroup;
			children = (
				0D3B24D62923EA03007E03F0 /* Other */,
				0D3B24D52923E9F5007E03F0 /* Core */,
			);
			path = Controllers;
			sourceTree = "<group>";
		};
		0D3B24D52923E9F5007E03F0 /* Core */ = {
			isa = PBXGroup;
			children = (
				0DE1C025292D3B3900C2C93A /* Auth */,
				0D5EFAAD292BCD33006FC01F /* Add */,
				0DF69E732936005000F1E5FE /* Home */,
				0DC0F11F291454B700FB6D4D /* TabBarController.swift */,
				0D3B24D92923EDD0007E03F0 /* MapViewController.swift */,
				0D3B24DD2923EDE0007E03F0 /* ChatViewController.swift */,
				0D3B24DF2923EDE9007E03F0 /* AccountViewController.swift */,
			);
			path = Core;
			sourceTree = "<group>";
		};
		0D3B24D62923EA03007E03F0 /* Other */ = {
			isa = PBXGroup;
			children = (
				0DF69E792936542300F1E5FE /* LostItem */,
			);
			path = Other;
			sourceTree = "<group>";
		};
		0D5EFAAD292BCD33006FC01F /* Add */ = {
			isa = PBXGroup;
			children = (
				0D5EFAAE292BCD3E006FC01F /* Views */,
				0D3B24DB2923EDD9007E03F0 /* AddViewController.swift */,
			);
			path = Add;
			sourceTree = "<group>";
		};
		0D5EFAAE292BCD3E006FC01F /* Views */ = {
			isa = PBXGroup;
			children = (
				0D5EFAAF292BCD86006FC01F /* CustomTextFiledUIView.swift */,
				0D44418E292CE3FC00B96ABD /* CustomTextViewUIView.swift */,
				0D5EFAB3292BF17F006FC01F /* PhotosUIVIew.swift */,
			);
			path = Views;
			sourceTree = "<group>";
		};
		0DC0F0FD2914525A00FB6D4D = {
			isa = PBXGroup;
			children = (
				0DC0F1082914525A00FB6D4D /* Where */,
				0DC0F1072914525A00FB6D4D /* Products */,
			);
			sourceTree = "<group>";
		};
		0DC0F1072914525A00FB6D4D /* Products */ = {
			isa = PBXGroup;
			children = (
				0DC0F1062914525A00FB6D4D /* Where.app */,
			);
			name = Products;
			sourceTree = "<group>";
		};
		0DC0F1082914525A00FB6D4D /* Where */ = {
			isa = PBXGroup;
			children = (
				0DE1C030292EC1E300C2C93A /* View */,
				0DC0F11E291453C100FB6D4D /* Application */,
				0DE1C028292D425300C2C93A /* Managers */,
				0D3B24D42923E9F2007E03F0 /* Controllers */,
				0DC0F121291455B200FB6D4D /* Helpers */,
				0DC0F10D2914525A00FB6D4D /* ViewController.swift */,
				0DF69E6E2935210F00F1E5FE /* Base */,
				0DC0F11D2914536700FB6D4D /* SupportingFiles */,
			);
			path = Where;
			sourceTree = "<group>";
		};
		0DC0F11D2914536700FB6D4D /* SupportingFiles */ = {
			isa = PBXGroup;
			children = (
				0DC0F1122914525B00FB6D4D /* Assets.xcassets */,
				0DC0F1142914525B00FB6D4D /* LaunchScreen.storyboard */,
				0DC0F1172914525B00FB6D4D /* Info.plist */,
			);
			path = SupportingFiles;
			sourceTree = "<group>";
		};
		0DC0F11E291453C100FB6D4D /* Application */ = {
			isa = PBXGroup;
			children = (
				0DC0F1092914525A00FB6D4D /* AppDelegate.swift */,
				0DC0F10B2914525A00FB6D4D /* SceneDelegate.swift */,
			);
			path = Application;
			sourceTree = "<group>";
		};
		0DC0F121291455B200FB6D4D /* Helpers */ = {
			isa = PBXGroup;
			children = (
				0DC0F124291455D100FB6D4D /* Extensions */,
			);
			path = Helpers;
			sourceTree = "<group>";
		};
		0DC0F124291455D100FB6D4D /* Extensions */ = {
			isa = PBXGroup;
			children = (
				0DC0F122291455C100FB6D4D /* UIColor + ext.swift */,
				0D3B24E22923F57E007E03F0 /* UIView + ext.swift */,
				0D5EFAB1292BE08C006FC01F /* UITextField + ext.swift */,
				0DF69E6C2935209A00F1E5FE /* UIViewController + ext.swift */,
				0DF69E7D293906B800F1E5FE /* UILable + ext.swift */,
			);
			path = Extensions;
			sourceTree = "<group>";
		};
		0DE1C025292D3B3900C2C93A /* Auth */ = {
			isa = PBXGroup;
			children = (
				0DE1C02B292D4EC400C2C93A /* Views */,
				0DE1C026292D3B7A00C2C93A /* RegisterViewController.swift */,
				0DE1C0332933EE8B00C2C93A /* LoginViewController.swift */,
			);
			path = Auth;
			sourceTree = "<group>";
		};
		0DE1C028292D425300C2C93A /* Managers */ = {
			isa = PBXGroup;
			children = (
				0DE1C029292D426600C2C93A /* AuthManager.swift */,
			);
			path = Managers;
			sourceTree = "<group>";
		};
		0DE1C02B292D4EC400C2C93A /* Views */ = {
			isa = PBXGroup;
			children = (
				0DE1C02C292D4EE400C2C93A /* AuthTextFieldView.swift */,
				0DE1C02E292D832900C2C93A /* AuthButtonView.swift */,
				0DF69E6A29351A8D00F1E5FE /* DeviderOr.swift */,
				0DF69E712935298900F1E5FE /* ChageAuthTypeButton.swift */,
			);
			path = Views;
			sourceTree = "<group>";
		};
		0DE1C030292EC1E300C2C93A /* View */ = {
			isa = PBXGroup;
			children = (
				0DE1C031292EC1F300C2C93A /* DeviderView.swift */,
			);
			path = View;
			sourceTree = "<group>";
		};
		0DF69E6E2935210F00F1E5FE /* Base */ = {
			isa = PBXGroup;
			children = (
				0DF69E6F2935212100F1E5FE /* WABaseController.swift */,
			);
			path = Base;
			sourceTree = "<group>";
		};
		0DF69E732936005000F1E5FE /* Home */ = {
			isa = PBXGroup;
			children = (
				0DF69E742936005B00F1E5FE /* Views */,
				0D3B24D72923EA32007E03F0 /* HomeViewController.swift */,
			);
			path = Home;
			sourceTree = "<group>";
		};
		0DF69E742936005B00F1E5FE /* Views */ = {
			isa = PBXGroup;
			children = (
				0DF69E7529360EB900F1E5FE /* HomeCollectionViewCell.swift */,
			);
			path = Views;
			sourceTree = "<group>";
		};
		0DF69E792936542300F1E5FE /* LostItem */ = {
			isa = PBXGroup;
			children = (
				0DF69E7A2938FC0D00F1E5FE /* Views */,
				0DF69E77293652B400F1E5FE /* LostItemViewController.swift */,
			);
			path = LostItem;
			sourceTree = "<group>";
		};
		0DF69E7A2938FC0D00F1E5FE /* Views */ = {
			isa = PBXGroup;
			children = (
				0DF69E7B2938FC3C00F1E5FE /* LostItemUserView.swift */,
				0DF69E7F293910AC00F1E5FE /* LostItemLocationView.swift */,
				0DF69E822939175A00F1E5FE /* LostItemButtonsView.swift */,
			);
			path = Views;
			sourceTree = "<group>";
		};
/* End PBXGroup section */

/* Begin PBXNativeTarget section */
		0DC0F1052914525A00FB6D4D /* Where */ = {
			isa = PBXNativeTarget;
			buildConfigurationList = 0DC0F11A2914525B00FB6D4D /* Build configuration list for PBXNativeTarget "Where" */;
			buildPhases = (
				0DC0F1022914525A00FB6D4D /* Sources */,
				0DC0F1032914525A00FB6D4D /* Frameworks */,
				0DC0F1042914525A00FB6D4D /* Resources */,
			);
			buildRules = (
			);
			dependencies = (
			);
			name = Where;
			productName = Where;
			productReference = 0DC0F1062914525A00FB6D4D /* Where.app */;
			productType = "com.apple.product-type.application";
		};
/* End PBXNativeTarget section */

/* Begin PBXProject section */
		0DC0F0FE2914525A00FB6D4D /* Project object */ = {
			isa = PBXProject;
			attributes = {
				BuildIndependentTargetsInParallel = 1;
				LastSwiftUpdateCheck = 1400;
				LastUpgradeCheck = 1400;
				TargetAttributes = {
					0DC0F1052914525A00FB6D4D = {
						CreatedOnToolsVersion = 14.0;
					};
				};
			};
			buildConfigurationList = 0DC0F1012914525A00FB6D4D /* Build configuration list for PBXProject "Where" */;
			compatibilityVersion = "Xcode 14.0";
			developmentRegion = en;
			hasScannedForEncodings = 0;
			knownRegions = (
				en,
				Base,
			);
			mainGroup = 0DC0F0FD2914525A00FB6D4D;
			productRefGroup = 0DC0F1072914525A00FB6D4D /* Products */;
			projectDirPath = "";
			projectRoot = "";
			targets = (
				0DC0F1052914525A00FB6D4D /* Where */,
			);
		};
/* End PBXProject section */

/* Begin PBXResourcesBuildPhase section */
		0DC0F1042914525A00FB6D4D /* Resources */ = {
			isa = PBXResourcesBuildPhase;
			buildActionMask = 2147483647;
			files = (
				0DC0F1162914525B00FB6D4D /* LaunchScreen.storyboard in Resources */,
				0DC0F1132914525B00FB6D4D /* Assets.xcassets in Resources */,
			);
			runOnlyForDeploymentPostprocessing = 0;
		};
/* End PBXResourcesBuildPhase section */

/* Begin PBXSourcesBuildPhase section */
		0DC0F1022914525A00FB6D4D /* Sources */ = {
			isa = PBXSourcesBuildPhase;
			buildActionMask = 2147483647;
			files = (
				0DE1C0342933EE8B00C2C93A /* LoginViewController.swift in Sources */,
				0DC0F10E2914525A00FB6D4D /* ViewController.swift in Sources */,
				0DF69E722935298900F1E5FE /* ChageAuthTypeButton.swift in Sources */,
				0DC0F120291454B700FB6D4D /* TabBarController.swift in Sources */,
				0D3B24DC2923EDD9007E03F0 /* AddViewController.swift in Sources */,
				0DF69E7629360EB900F1E5FE /* HomeCollectionViewCell.swift in Sources */,
				0D5EFAB0292BCD86006FC01F /* CustomTextFiledUIView.swift in Sources */,
				0DC0F10A2914525A00FB6D4D /* AppDelegate.swift in Sources */,
				0DC0F123291455C100FB6D4D /* UIColor + ext.swift in Sources */,
				0DE1C02D292D4EE400C2C93A /* AuthTextFieldView.swift in Sources */,
				0DC0F10C2914525A00FB6D4D /* SceneDelegate.swift in Sources */,
				0DE1C02A292D426600C2C93A /* AuthManager.swift in Sources */,
				0D3B24E02923EDE9007E03F0 /* AccountViewController.swift in Sources */,
				0DF69E78293652B400F1E5FE /* LostItemViewController.swift in Sources */,
				0D3B24D82923EA32007E03F0 /* HomeViewController.swift in Sources */,
				0DE1C02F292D832900C2C93A /* AuthButtonView.swift in Sources */,
				0D3B24DE2923EDE0007E03F0 /* ChatViewController.swift in Sources */,
				0DF69E6B29351A8D00F1E5FE /* DeviderOr.swift in Sources */,
				0D3B24DA2923EDD0007E03F0 /* MapViewController.swift in Sources */,
				0DF69E702935212100F1E5FE /* WABaseController.swift in Sources */,
				0DF69E7C2938FC3C00F1E5FE /* LostItemUserView.swift in Sources */,
				0DE1C032292EC1F300C2C93A /* DeviderView.swift in Sources */,
				0DF69E6D2935209A00F1E5FE /* UIViewController + ext.swift in Sources */,
				0D5EFAB4292BF17F006FC01F /* PhotosUIVIew.swift in Sources */,
				0DF69E80293910AC00F1E5FE /* LostItemLocationView.swift in Sources */,
				0DF69E832939175A00F1E5FE /* LostItemButtonsView.swift in Sources */,
				0DE1C027292D3B7A00C2C93A /* RegisterViewController.swift in Sources */,
				0D44418F292CE3FC00B96ABD /* CustomTextViewUIView.swift in Sources */,
				0D5EFAB2292BE08C006FC01F /* UITextField + ext.swift in Sources */,
				0D3B24E32923F57E007E03F0 /* UIView + ext.swift in Sources */,
				0DF69E7E293906B800F1E5FE /* UILable + ext.swift in Sources */,
			);
			runOnlyForDeploymentPostprocessing = 0;
		};
/* End PBXSourcesBuildPhase section */

/* Begin PBXVariantGroup section */
		0DC0F1142914525B00FB6D4D /* LaunchScreen.storyboard */ = {
			isa = PBXVariantGroup;
			children = (
				0DC0F1152914525B00FB6D4D /* Base */,
			);
			name = LaunchScreen.storyboard;
			sourceTree = "<group>";
		};
/* End PBXVariantGroup section */

/* Begin XCBuildConfiguration section */
		0DC0F1182914525B00FB6D4D /* Debug */ = {
			isa = XCBuildConfiguration;
			buildSettings = {
				ALWAYS_SEARCH_USER_PATHS = NO;
				CLANG_ANALYZER_NONNULL = YES;
				CLANG_ANALYZER_NUMBER_OBJECT_CONVERSION = YES_AGGRESSIVE;
				CLANG_CXX_LANGUAGE_STANDARD = "gnu++20";
				CLANG_ENABLE_MODULES = YES;
				CLANG_ENABLE_OBJC_ARC = YES;
				CLANG_ENABLE_OBJC_WEAK = YES;
				CLANG_WARN_BLOCK_CAPTURE_AUTORELEASING = YES;
				CLANG_WARN_BOOL_CONVERSION = YES;
				CLANG_WARN_COMMA = YES;
				CLANG_WARN_CONSTANT_CONVERSION = YES;
				CLANG_WARN_DEPRECATED_OBJC_IMPLEMENTATIONS = YES;
				CLANG_WARN_DIRECT_OBJC_ISA_USAGE = YES_ERROR;
				CLANG_WARN_DOCUMENTATION_COMMENTS = YES;
				CLANG_WARN_EMPTY_BODY = YES;
				CLANG_WARN_ENUM_CONVERSION = YES;
				CLANG_WARN_INFINITE_RECURSION = YES;
				CLANG_WARN_INT_CONVERSION = YES;
				CLANG_WARN_NON_LITERAL_NULL_CONVERSION = YES;
				CLANG_WARN_OBJC_IMPLICIT_RETAIN_SELF = YES;
				CLANG_WARN_OBJC_LITERAL_CONVERSION = YES;
				CLANG_WARN_OBJC_ROOT_CLASS = YES_ERROR;
				CLANG_WARN_QUOTED_INCLUDE_IN_FRAMEWORK_HEADER = YES;
				CLANG_WARN_RANGE_LOOP_ANALYSIS = YES;
				CLANG_WARN_STRICT_PROTOTYPES = YES;
				CLANG_WARN_SUSPICIOUS_MOVE = YES;
				CLANG_WARN_UNGUARDED_AVAILABILITY = YES_AGGRESSIVE;
				CLANG_WARN_UNREACHABLE_CODE = YES;
				CLANG_WARN__DUPLICATE_METHOD_MATCH = YES;
				COPY_PHASE_STRIP = NO;
				DEBUG_INFORMATION_FORMAT = dwarf;
				ENABLE_STRICT_OBJC_MSGSEND = YES;
				ENABLE_TESTABILITY = YES;
				GCC_C_LANGUAGE_STANDARD = gnu11;
				GCC_DYNAMIC_NO_PIC = NO;
				GCC_NO_COMMON_BLOCKS = YES;
				GCC_OPTIMIZATION_LEVEL = 0;
				GCC_PREPROCESSOR_DEFINITIONS = (
					"DEBUG=1",
					"$(inherited)",
				);
				GCC_WARN_64_TO_32_BIT_CONVERSION = YES;
				GCC_WARN_ABOUT_RETURN_TYPE = YES_ERROR;
				GCC_WARN_UNDECLARED_SELECTOR = YES;
				GCC_WARN_UNINITIALIZED_AUTOS = YES_AGGRESSIVE;
				GCC_WARN_UNUSED_FUNCTION = YES;
				GCC_WARN_UNUSED_VARIABLE = YES;
				IPHONEOS_DEPLOYMENT_TARGET = 16.0;
				MTL_ENABLE_DEBUG_INFO = INCLUDE_SOURCE;
				MTL_FAST_MATH = YES;
				ONLY_ACTIVE_ARCH = YES;
				SDKROOT = iphoneos;
				SWIFT_ACTIVE_COMPILATION_CONDITIONS = DEBUG;
				SWIFT_OPTIMIZATION_LEVEL = "-Onone";
			};
			name = Debug;
		};
		0DC0F1192914525B00FB6D4D /* Release */ = {
			isa = XCBuildConfiguration;
			buildSettings = {
				ALWAYS_SEARCH_USER_PATHS = NO;
				CLANG_ANALYZER_NONNULL = YES;
				CLANG_ANALYZER_NUMBER_OBJECT_CONVERSION = YES_AGGRESSIVE;
				CLANG_CXX_LANGUAGE_STANDARD = "gnu++20";
				CLANG_ENABLE_MODULES = YES;
				CLANG_ENABLE_OBJC_ARC = YES;
				CLANG_ENABLE_OBJC_WEAK = YES;
				CLANG_WARN_BLOCK_CAPTURE_AUTORELEASING = YES;
				CLANG_WARN_BOOL_CONVERSION = YES;
				CLANG_WARN_COMMA = YES;
				CLANG_WARN_CONSTANT_CONVERSION = YES;
				CLANG_WARN_DEPRECATED_OBJC_IMPLEMENTATIONS = YES;
				CLANG_WARN_DIRECT_OBJC_ISA_USAGE = YES_ERROR;
				CLANG_WARN_DOCUMENTATION_COMMENTS = YES;
				CLANG_WARN_EMPTY_BODY = YES;
				CLANG_WARN_ENUM_CONVERSION = YES;
				CLANG_WARN_INFINITE_RECURSION = YES;
				CLANG_WARN_INT_CONVERSION = YES;
				CLANG_WARN_NON_LITERAL_NULL_CONVERSION = YES;
				CLANG_WARN_OBJC_IMPLICIT_RETAIN_SELF = YES;
				CLANG_WARN_OBJC_LITERAL_CONVERSION = YES;
				CLANG_WARN_OBJC_ROOT_CLASS = YES_ERROR;
				CLANG_WARN_QUOTED_INCLUDE_IN_FRAMEWORK_HEADER = YES;
				CLANG_WARN_RANGE_LOOP_ANALYSIS = YES;
				CLANG_WARN_STRICT_PROTOTYPES = YES;
				CLANG_WARN_SUSPICIOUS_MOVE = YES;
				CLANG_WARN_UNGUARDED_AVAILABILITY = YES_AGGRESSIVE;
				CLANG_WARN_UNREACHABLE_CODE = YES;
				CLANG_WARN__DUPLICATE_METHOD_MATCH = YES;
				COPY_PHASE_STRIP = NO;
				DEBUG_INFORMATION_FORMAT = "dwarf-with-dsym";
				ENABLE_NS_ASSERTIONS = NO;
				ENABLE_STRICT_OBJC_MSGSEND = YES;
				GCC_C_LANGUAGE_STANDARD = gnu11;
				GCC_NO_COMMON_BLOCKS = YES;
				GCC_WARN_64_TO_32_BIT_CONVERSION = YES;
				GCC_WARN_ABOUT_RETURN_TYPE = YES_ERROR;
				GCC_WARN_UNDECLARED_SELECTOR = YES;
				GCC_WARN_UNINITIALIZED_AUTOS = YES_AGGRESSIVE;
				GCC_WARN_UNUSED_FUNCTION = YES;
				GCC_WARN_UNUSED_VARIABLE = YES;
				IPHONEOS_DEPLOYMENT_TARGET = 16.0;
				MTL_ENABLE_DEBUG_INFO = NO;
				MTL_FAST_MATH = YES;
				SDKROOT = iphoneos;
				SWIFT_COMPILATION_MODE = wholemodule;
				SWIFT_OPTIMIZATION_LEVEL = "-O";
				VALIDATE_PRODUCT = YES;
			};
			name = Release;
		};
		0DC0F11B2914525B00FB6D4D /* Debug */ = {
			isa = XCBuildConfiguration;
			buildSettings = {
				ASSETCATALOG_COMPILER_APPICON_NAME = AppIcon;
				ASSETCATALOG_COMPILER_GLOBAL_ACCENT_COLOR_NAME = AccentColor;
				CODE_SIGN_STYLE = Automatic;
				CURRENT_PROJECT_VERSION = 1;
				DEVELOPMENT_TEAM = K4B335LMWX;
				GENERATE_INFOPLIST_FILE = YES;
				INFOPLIST_FILE = Where/SupportingFiles/Info.plist;
				INFOPLIST_KEY_UIApplicationSupportsIndirectInputEvents = YES;
				INFOPLIST_KEY_UILaunchStoryboardName = LaunchScreen;
				INFOPLIST_KEY_UISupportedInterfaceOrientations = UIInterfaceOrientationPortrait;
				INFOPLIST_KEY_UISupportedInterfaceOrientations_iPad = "UIInterfaceOrientationLandscapeLeft UIInterfaceOrientationLandscapeRight UIInterfaceOrientationPortrait UIInterfaceOrientationPortraitUpsideDown";
				LD_RUNPATH_SEARCH_PATHS = (
					"$(inherited)",
					"@executable_path/Frameworks",
				);
				MARKETING_VERSION = 1.0;
				PRODUCT_BUNDLE_IDENTIFIER = Brotsky.Where;
				PRODUCT_NAME = "$(TARGET_NAME)";
				SWIFT_EMIT_LOC_STRINGS = YES;
				SWIFT_VERSION = 5.0;
				TARGETED_DEVICE_FAMILY = "1,2";
			};
			name = Debug;
		};
		0DC0F11C2914525B00FB6D4D /* Release */ = {
			isa = XCBuildConfiguration;
			buildSettings = {
				ASSETCATALOG_COMPILER_APPICON_NAME = AppIcon;
				ASSETCATALOG_COMPILER_GLOBAL_ACCENT_COLOR_NAME = AccentColor;
				CODE_SIGN_STYLE = Automatic;
				CURRENT_PROJECT_VERSION = 1;
				DEVELOPMENT_TEAM = K4B335LMWX;
				GENERATE_INFOPLIST_FILE = YES;
				INFOPLIST_FILE = Where/SupportingFiles/Info.plist;
				INFOPLIST_KEY_UIApplicationSupportsIndirectInputEvents = YES;
				INFOPLIST_KEY_UILaunchStoryboardName = LaunchScreen;
				INFOPLIST_KEY_UISupportedInterfaceOrientations = UIInterfaceOrientationPortrait;
				INFOPLIST_KEY_UISupportedInterfaceOrientations_iPad = "UIInterfaceOrientationLandscapeLeft UIInterfaceOrientationLandscapeRight UIInterfaceOrientationPortrait UIInterfaceOrientationPortraitUpsideDown";
				LD_RUNPATH_SEARCH_PATHS = (
					"$(inherited)",
					"@executable_path/Frameworks",
				);
				MARKETING_VERSION = 1.0;
				PRODUCT_BUNDLE_IDENTIFIER = Brotsky.Where;
				PRODUCT_NAME = "$(TARGET_NAME)";
				SWIFT_EMIT_LOC_STRINGS = YES;
				SWIFT_VERSION = 5.0;
				TARGETED_DEVICE_FAMILY = "1,2";
			};
			name = Release;
		};
/* End XCBuildConfiguration section */

/* Begin XCConfigurationList section */
		0DC0F1012914525A00FB6D4D /* Build configuration list for PBXProject "Where" */ = {
			isa = XCConfigurationList;
			buildConfigurations = (
				0DC0F1182914525B00FB6D4D /* Debug */,
				0DC0F1192914525B00FB6D4D /* Release */,
			);
			defaultConfigurationIsVisible = 0;
			defaultConfigurationName = Release;
		};
		0DC0F11A2914525B00FB6D4D /* Build configuration list for PBXNativeTarget "Where" */ = {
			isa = XCConfigurationList;
			buildConfigurations = (
				0DC0F11B2914525B00FB6D4D /* Debug */,
				0DC0F11C2914525B00FB6D4D /* Release */,
			);
			defaultConfigurationIsVisible = 0;
			defaultConfigurationName = Release;
		};
/* End XCConfigurationList section */
	};
	rootObject = 0DC0F0FE2914525A00FB6D4D /* Project object */;
}
